
Microsoft Visual Studio Solution File, Format Version 12.00
# Visual Studio 15
VisualStudioVersion = 15.0.28307.438
MinimumVisualStudioVersion = 10.0.40219.1
Project("{9A19103F-16F7-4668-BE54-9A1E7A4F7556}") = "Server", "Server\Server.csproj", "{000D7D92-5C44-4FEA-9AD3-A8C46A431F46}"
EndProject
Project("{FAE04EC0-301F-11D3-BF4B-00C04F79EFBC}") = "ServerTest", "ServerTest\ServerTest.csproj", "{8A486414-B0EA-498B-AC13-AD03B201C549}"
EndProject
Global
	GlobalSection(SolutionConfigurationPlatforms) = preSolution
		Debug|Any CPU = Debug|Any CPU
		Release|Any CPU = Release|Any CPU
	EndGlobalSection
	GlobalSection(ProjectConfigurationPlatforms) = postSolution
		{000D7D92-5C44-4FEA-9AD3-A8C46A431F46}.Debug|Any CPU.ActiveCfg = Debug|Any CPU
		{000D7D92-5C44-4FEA-9AD3-A8C46A431F46}.Debug|Any CPU.Build.0 = Debug|Any CPU
		{000D7D92-5C44-4FEA-9AD3-A8C46A431F46}.Release|Any CPU.ActiveCfg = Release|Any CPU
		{000D7D92-5C44-4FEA-9AD3-A8C46A431F46}.Release|Any CPU.Build.0 = Release|Any CPU
		{8A486414-B0EA-498B-AC13-AD03B201C549}.Debug|Any CPU.ActiveCfg = Debug|Any CPU
		{8A486414-B0EA-498B-AC13-AD03B201C549}.Debug|Any CPU.Build.0 = Debug|Any CPU
		{8A486414-B0EA-498B-AC13-AD03B201C549}.Release|Any CPU.ActiveCfg = Release|Any CPU
		{8A486414-B0EA-498B-AC13-AD03B201C549}.Release|Any CPU.Build.0 = Release|Any CPU
	EndGlobalSection
	GlobalSection(SolutionProperties) = preSolution
		HideSolutionNode = FALSE
	EndGlobalSection
	GlobalSection(ExtensibilityGlobals) = postSolution
		SolutionGuid = {CB49FC8F-B8FB-41E0-A94D-483D4C2DE0F0}
	EndGlobalSection
	GlobalSection(TeamFoundationVersionControl) = preSolution
		SccNumberOfProjects = 3
		SccEnterpriseProvider = {4CA58AB2-18FA-4F8D-95D4-32DDF27D184C}
		SccTeamFoundationServer = https://imcsoft.visualstudio.com/
		SccLocalPath0 = .
		SccProjectUniqueName1 = Server\\Server.csproj
		SccProjectName1 = Server
		SccLocalPath1 = Server
		SccProjectUniqueName2 = ServerTest\\ServerTest.csproj
		SccProjectName2 = ServerTest
		SccLocalPath2 = ServerTest
	EndGlobalSection
EndGlobal
